
Microsoft Visual Studio Solution File, Format Version 12.00
# Visual Studio Version 17
VisualStudioVersion = 17.5.33516.290
MinimumVisualStudioVersion = 10.0.40219.1
Project("{FAE04EC0-301F-11D3-BF4B-00C04F79EFBC}") = "Mission12_paulk2", "Mission12_paulk2.csproj", "{F7B66B64-6C37-4742-8FCA-7993F8CA0F1E}"
EndProject
Global
	GlobalSection(SolutionConfigurationPlatforms) = preSolution
		Debug|Any CPU = Debug|Any CPU
		Release|Any CPU = Release|Any CPU
	EndGlobalSection
	GlobalSection(ProjectConfigurationPlatforms) = postSolution
		{F7B66B64-6C37-4742-8FCA-7993F8CA0F1E}.Debug|Any CPU.ActiveCfg = Debug|Any CPU
		{F7B66B64-6C37-4742-8FCA-7993F8CA0F1E}.Debug|Any CPU.Build.0 = Debug|Any CPU
		{F7B66B64-6C37-4742-8FCA-7993F8CA0F1E}.Release|Any CPU.ActiveCfg = Release|Any CPU
		{F7B66B64-6C37-4742-8FCA-7993F8CA0F1E}.Release|Any CPU.Build.0 = Release|Any CPU
	EndGlobalSection
	GlobalSection(SolutionProperties) = preSolution
		HideSolutionNode = FALSE
	EndGlobalSection
	GlobalSection(ExtensibilityGlobals) = postSolution
		SolutionGuid = {9D6EDD25-FA6F-4501-8DC8-1009156558A9}
	EndGlobalSection
EndGlobal
